
Microsoft Visual Studio Solution File, Format Version 11.00
# Visual Studio 2010
Project("{FAE04EC0-301F-11D3-BF4B-00C04F79EFBC}") = "SearchingTextinDB", "SearchingTextinDB.csproj", "{4714A516-A153-474A-B646-A87C71224444}"
EndProject
Global
	GlobalSection(SolutionConfigurationPlatforms) = preSolution
		Debug|Any CPU = Debug|Any CPU
		Release|Any CPU = Release|Any CPU
	EndGlobalSection
	GlobalSection(ProjectConfigurationPlatforms) = postSolution
		{4714A516-A153-474A-B646-A87C71224444}.Debug|Any CPU.ActiveCfg = Debug|Any CPU
		{4714A516-A153-474A-B646-A87C71224444}.Debug|Any CPU.Build.0 = Debug|Any CPU
		{4714A516-A153-474A-B646-A87C71224444}.Release|Any CPU.ActiveCfg = Release|Any CPU
		{4714A516-A153-474A-B646-A87C71224444}.Release|Any CPU.Build.0 = Release|Any CPU
	EndGlobalSection
	GlobalSection(SolutionProperties) = preSolution
		HideSolutionNode = FALSE
	EndGlobalSection
EndGlobal
